// !$*UTF8*$!
{
	archiveVersion = 1;
	classes = {
	};
	objectVersion = 48;
	objects = {

/* Begin PBXBuildFile section */
		923BA455204D9FDA00146B8B /* lionfish.jpg in Resources */ = {isa = PBXBuildFile; fileRef = 923BA446204D9FD900146B8B /* lionfish.jpg */; };
		923BA456204D9FDA00146B8B /* parrots.jpg in Resources */ = {isa = PBXBuildFile; fileRef = 923BA447204D9FD900146B8B /* parrots.jpg */; };
		923BA457204D9FDA00146B8B /* Crowned crane.jpg in Resources */ = {isa = PBXBuildFile; fileRef = 923BA448204D9FD900146B8B /* Crowned crane.jpg */; };
		923BA458204D9FDA00146B8B /* whitePeacock.jpg in Resources */ = {isa = PBXBuildFile; fileRef = 923BA449204D9FD900146B8B /* whitePeacock.jpg */; };
		923BA459204D9FDA00146B8B /* seal.jpg in Resources */ = {isa = PBXBuildFile; fileRef = 923BA44A204D9FD900146B8B /* seal.jpg */; };
		923BA45A204D9FDA00146B8B /* snowleopard.jpg in Resources */ = {isa = PBXBuildFile; fileRef = 923BA44B204D9FD900146B8B /* snowleopard.jpg */; };
		923BA45B204D9FDA00146B8B /* clownFish.jpg in Resources */ = {isa = PBXBuildFile; fileRef = 923BA44C204D9FD900146B8B /* clownFish.jpg */; };
		923BA45C204D9FDA00146B8B /* Flamingo.jpg in Resources */ = {isa = PBXBuildFile; fileRef = 923BA44D204D9FD900146B8B /* Flamingo.jpg */; };
		923BA45D204D9FDA00146B8B /* shark.jpg in Resources */ = {isa = PBXBuildFile; fileRef = 923BA44E204D9FD900146B8B /* shark.jpg */; };
		923BA45E204D9FDA00146B8B /* panda.jpg in Resources */ = {isa = PBXBuildFile; fileRef = 923BA44F204D9FD900146B8B /* panda.jpg */; };
		923BA45F204D9FDA00146B8B /* PolarBear.jpg in Resources */ = {isa = PBXBuildFile; fileRef = 923BA450204D9FDA00146B8B /* PolarBear.jpg */; };
		923BA460204D9FDA00146B8B /* kingfisher.jpg in Resources */ = {isa = PBXBuildFile; fileRef = 923BA451204D9FDA00146B8B /* kingfisher.jpg */; };
		923BA461204D9FDA00146B8B /* sailfish.jpg in Resources */ = {isa = PBXBuildFile; fileRef = 923BA452204D9FDA00146B8B /* sailfish.jpg */; };
		923BA462204D9FDA00146B8B /* dolphin.jpg in Resources */ = {isa = PBXBuildFile; fileRef = 923BA453204D9FDA00146B8B /* dolphin.jpg */; };
		923BA463204D9FDA00146B8B /* smallPanda.jpg in Resources */ = {isa = PBXBuildFile; fileRef = 923BA454204D9FDA00146B8B /* smallPanda.jpg */; };
		9280569D2045B9B8005106EA /* Animal.swift in Sources */ = {isa = PBXBuildFile; fileRef = 9280569C2045B9B8005106EA /* Animal.swift */; };
		9280569F2045BD97005106EA /* Menu.swift in Sources */ = {isa = PBXBuildFile; fileRef = 9280569E2045BD97005106EA /* Menu.swift */; };
		928056A12045DD02005106EA /* CategeryTableViewController.swift in Sources */ = {isa = PBXBuildFile; fileRef = 928056A02045DD02005106EA /* CategeryTableViewController.swift */; };
		928056A72045EE44005106EA /* AnimalTableViewController.swift in Sources */ = {isa = PBXBuildFile; fileRef = 928056A62045EE44005106EA /* AnimalTableViewController.swift */; };
		928056AB2045FE2D005106EA /* AnimalViewController.swift in Sources */ = {isa = PBXBuildFile; fileRef = 928056AA2045FE2D005106EA /* AnimalViewController.swift */; };
		92840B142045802200500391 /* Categery.swift in Sources */ = {isa = PBXBuildFile; fileRef = 92840B132045802200500391 /* Categery.swift */; };
		92840B162045A8F300500391 /* XMLDataParser.swift in Sources */ = {isa = PBXBuildFile; fileRef = 92840B152045A8F300500391 /* XMLDataParser.swift */; };
		928B7D562045713300CD3218 /* AppDelegate.swift in Sources */ = {isa = PBXBuildFile; fileRef = 928B7D552045713300CD3218 /* AppDelegate.swift */; };
		928B7D5B2045713300CD3218 /* Main.storyboard in Resources */ = {isa = PBXBuildFile; fileRef = 928B7D592045713300CD3218 /* Main.storyboard */; };
		928B7D5D2045713300CD3218 /* Assets.xcassets in Resources */ = {isa = PBXBuildFile; fileRef = 928B7D5C2045713300CD3218 /* Assets.xcassets */; };
		928B7D602045713300CD3218 /* LaunchScreen.storyboard in Resources */ = {isa = PBXBuildFile; fileRef = 928B7D5E2045713300CD3218 /* LaunchScreen.storyboard */; };
		928B7D6820457AFE00CD3218 /* animal.xml in Resources */ = {isa = PBXBuildFile; fileRef = 928B7D6720457AFE00CD3218 /* animal.xml */; };
		92B407072047169E009A0C62 /* MapViewController.swift in Sources */ = {isa = PBXBuildFile; fileRef = 92B407062047169E009A0C62 /* MapViewController.swift */; };
		92B4070920471B15009A0C62 /* LocationAnnotation.swift in Sources */ = {isa = PBXBuildFile; fileRef = 92B4070820471B15009A0C62 /* LocationAnnotation.swift */; };
		92B47FBD2046EC00004B1182 /* DetailViewController.swift in Sources */ = {isa = PBXBuildFile; fileRef = 92B47FBC2046EC00004B1182 /* DetailViewController.swift */; };
		92B47FBF2046F14B004B1182 /* WebViewController.swift in Sources */ = {isa = PBXBuildFile; fileRef = 92B47FBE2046F14B004B1182 /* WebViewController.swift */; };
		92B47FC2204711B9004B1182 /* MapKit.framework in Frameworks */ = {isa = PBXBuildFile; fileRef = 92B47FC1204711B8004B1182 /* MapKit.framework */; };
/* End PBXBuildFile section */

/* Begin PBXFileReference section */
		923BA446204D9FD900146B8B /* lionfish.jpg */ = {isa = PBXFileReference; lastKnownFileType = image.jpeg; path = lionfish.jpg; sourceTree = "<group>"; };
		923BA447204D9FD900146B8B /* parrots.jpg */ = {isa = PBXFileReference; lastKnownFileType = image.jpeg; path = parrots.jpg; sourceTree = "<group>"; };
		923BA448204D9FD900146B8B /* Crowned crane.jpg */ = {isa = PBXFileReference; lastKnownFileType = image.jpeg; path = "Crowned crane.jpg"; sourceTree = "<group>"; };
		923BA449204D9FD900146B8B /* whitePeacock.jpg */ = {isa = PBXFileReference; lastKnownFileType = image.jpeg; path = whitePeacock.jpg; sourceTree = "<group>"; };
		923BA44A204D9FD900146B8B /* seal.jpg */ = {isa = PBXFileReference; lastKnownFileType = image.jpeg; path = seal.jpg; sourceTree = "<group>"; };
		923BA44B204D9FD900146B8B /* snowleopard.jpg */ = {isa = PBXFileReference; lastKnownFileType = image.jpeg; path = snowleopard.jpg; sourceTree = "<group>"; };
		923BA44C204D9FD900146B8B /* clownFish.jpg */ = {isa = PBXFileReference; lastKnownFileType = image.jpeg; path = clownFish.jpg; sourceTree = "<group>"; };
		923BA44D204D9FD900146B8B /* Flamingo.jpg */ = {isa = PBXFileReference; lastKnownFileType = image.jpeg; path = Flamingo.jpg; sourceTree = "<group>"; };
		923BA44E204D9FD900146B8B /* shark.jpg */ = {isa = PBXFileReference; lastKnownFileType = image.jpeg; path = shark.jpg; sourceTree = "<group>"; };
		923BA44F204D9FD900146B8B /* panda.jpg */ = {isa = PBXFileReference; lastKnownFileType = image.jpeg; path = panda.jpg; sourceTree = "<group>"; };
		923BA450204D9FDA00146B8B /* PolarBear.jpg */ = {isa = PBXFileReference; lastKnownFileType = image.jpeg; path = PolarBear.jpg; sourceTree = "<group>"; };
		923BA451204D9FDA00146B8B /* kingfisher.jpg */ = {isa = PBXFileReference; lastKnownFileType = image.jpeg; path = kingfisher.jpg; sourceTree = "<group>"; };
		923BA452204D9FDA00146B8B /* sailfish.jpg */ = {isa = PBXFileReference; lastKnownFileType = image.jpeg; path = sailfish.jpg; sourceTree = "<group>"; };
		923BA453204D9FDA00146B8B /* dolphin.jpg */ = {isa = PBXFileReference; lastKnownFileType = image.jpeg; path = dolphin.jpg; sourceTree = "<group>"; };
		923BA454204D9FDA00146B8B /* smallPanda.jpg */ = {isa = PBXFileReference; lastKnownFileType = image.jpeg; path = smallPanda.jpg; sourceTree = "<group>"; };
		9280569C2045B9B8005106EA /* Animal.swift */ = {isa = PBXFileReference; lastKnownFileType = sourcecode.swift; path = Animal.swift; sourceTree = "<group>"; };
		9280569E2045BD97005106EA /* Menu.swift */ = {isa = PBXFileReference; lastKnownFileType = sourcecode.swift; path = Menu.swift; sourceTree = "<group>"; };
		928056A02045DD02005106EA /* CategeryTableViewController.swift */ = {isa = PBXFileReference; lastKnownFileType = sourcecode.swift; path = CategeryTableViewController.swift; sourceTree = "<group>"; };
		928056A62045EE44005106EA /* AnimalTableViewController.swift */ = {isa = PBXFileReference; lastKnownFileType = sourcecode.swift; path = AnimalTableViewController.swift; sourceTree = "<group>"; };
		928056AA2045FE2D005106EA /* AnimalViewController.swift */ = {isa = PBXFileReference; lastKnownFileType = sourcecode.swift; path = AnimalViewController.swift; sourceTree = "<group>"; };
		92840B132045802200500391 /* Categery.swift */ = {isa = PBXFileReference; lastKnownFileType = sourcecode.swift; path = Categery.swift; sourceTree = "<group>"; };
		92840B152045A8F300500391 /* XMLDataParser.swift */ = {isa = PBXFileReference; lastKnownFileType = sourcecode.swift; path = XMLDataParser.swift; sourceTree = "<group>"; };
		928B7D522045713300CD3218 /* ZooApp.app */ = {isa = PBXFileReference; explicitFileType = wrapper.application; includeInIndex = 0; path = ZooApp.app; sourceTree = BUILT_PRODUCTS_DIR; };
		928B7D552045713300CD3218 /* AppDelegate.swift */ = {isa = PBXFileReference; lastKnownFileType = sourcecode.swift; path = AppDelegate.swift; sourceTree = "<group>"; };
		928B7D5A2045713300CD3218 /* Base */ = {isa = PBXFileReference; lastKnownFileType = file.storyboard; name = Base; path = Base.lproj/Main.storyboard; sourceTree = "<group>"; };
		928B7D5C2045713300CD3218 /* Assets.xcassets */ = {isa = PBXFileReference; lastKnownFileType = folder.assetcatalog; path = Assets.xcassets; sourceTree = "<group>"; };
		928B7D5F2045713300CD3218 /* Base */ = {isa = PBXFileReference; lastKnownFileType = file.storyboard; name = Base; path = Base.lproj/LaunchScreen.storyboard; sourceTree = "<group>"; };
		928B7D612045713300CD3218 /* Info.plist */ = {isa = PBXFileReference; lastKnownFileType = text.plist.xml; path = Info.plist; sourceTree = "<group>"; };
		928B7D6720457AFE00CD3218 /* animal.xml */ = {isa = PBXFileReference; fileEncoding = 4; lastKnownFileType = text.xml; path = animal.xml; sourceTree = "<group>"; };
		92B407062047169E009A0C62 /* MapViewController.swift */ = {isa = PBXFileReference; lastKnownFileType = sourcecode.swift; path = MapViewController.swift; sourceTree = "<group>"; };
		92B4070820471B15009A0C62 /* LocationAnnotation.swift */ = {isa = PBXFileReference; lastKnownFileType = sourcecode.swift; path = LocationAnnotation.swift; sourceTree = "<group>"; };
		92B47FBC2046EC00004B1182 /* DetailViewController.swift */ = {isa = PBXFileReference; lastKnownFileType = sourcecode.swift; path = DetailViewController.swift; sourceTree = "<group>"; };
		92B47FBE2046F14B004B1182 /* WebViewController.swift */ = {isa = PBXFileReference; lastKnownFileType = sourcecode.swift; path = WebViewController.swift; sourceTree = "<group>"; };
		92B47FC1204711B8004B1182 /* MapKit.framework */ = {isa = PBXFileReference; lastKnownFileType = wrapper.framework; name = MapKit.framework; path = System/Library/Frameworks/MapKit.framework; sourceTree = SDKROOT; };
/* End PBXFileReference section */

/* Begin PBXFrameworksBuildPhase section */
		928B7D4F2045713300CD3218 /* Frameworks */ = {
			isa = PBXFrameworksBuildPhase;
			buildActionMask = 2147483647;
			files = (
				92B47FC2204711B9004B1182 /* MapKit.framework in Frameworks */,
			);
			runOnlyForDeploymentPostprocessing = 0;
		};
/* End PBXFrameworksBuildPhase section */

/* Begin PBXGroup section */
		928B7D492045713300CD3218 = {
			isa = PBXGroup;
			children = (
				928B7D542045713300CD3218 /* ZooApp */,
				928B7D532045713300CD3218 /* Products */,
				92B47FC0204711B7004B1182 /* Frameworks */,
			);
			sourceTree = "<group>";
		};
		928B7D532045713300CD3218 /* Products */ = {
			isa = PBXGroup;
			children = (
				928B7D522045713300CD3218 /* ZooApp.app */,
			);
			name = Products;
			sourceTree = "<group>";
		};
		928B7D542045713300CD3218 /* ZooApp */ = {
			isa = PBXGroup;
			children = (
				923BA44C204D9FD900146B8B /* clownFish.jpg */,
				923BA448204D9FD900146B8B /* Crowned crane.jpg */,
				923BA453204D9FDA00146B8B /* dolphin.jpg */,
				923BA44D204D9FD900146B8B /* Flamingo.jpg */,
				923BA451204D9FDA00146B8B /* kingfisher.jpg */,
				923BA446204D9FD900146B8B /* lionfish.jpg */,
				923BA44F204D9FD900146B8B /* panda.jpg */,
				923BA447204D9FD900146B8B /* parrots.jpg */,
				923BA450204D9FDA00146B8B /* PolarBear.jpg */,
				923BA452204D9FDA00146B8B /* sailfish.jpg */,
				923BA44A204D9FD900146B8B /* seal.jpg */,
				923BA44E204D9FD900146B8B /* shark.jpg */,
				923BA454204D9FDA00146B8B /* smallPanda.jpg */,
				923BA44B204D9FD900146B8B /* snowleopard.jpg */,
				923BA449204D9FD900146B8B /* whitePeacock.jpg */,
				9280569C2045B9B8005106EA /* Animal.swift */,
				928B7D6720457AFE00CD3218 /* animal.xml */,
				928B7D552045713300CD3218 /* AppDelegate.swift */,
				928B7D592045713300CD3218 /* Main.storyboard */,
				928B7D5C2045713300CD3218 /* Assets.xcassets */,
				928B7D5E2045713300CD3218 /* LaunchScreen.storyboard */,
				928B7D612045713300CD3218 /* Info.plist */,
				92840B132045802200500391 /* Categery.swift */,
				92840B152045A8F300500391 /* XMLDataParser.swift */,
				9280569E2045BD97005106EA /* Menu.swift */,
				928056A02045DD02005106EA /* CategeryTableViewController.swift */,
				928056A62045EE44005106EA /* AnimalTableViewController.swift */,
				928056AA2045FE2D005106EA /* AnimalViewController.swift */,
				92B47FBC2046EC00004B1182 /* DetailViewController.swift */,
				92B47FBE2046F14B004B1182 /* WebViewController.swift */,
				92B407062047169E009A0C62 /* MapViewController.swift */,
				92B4070820471B15009A0C62 /* LocationAnnotation.swift */,
			);
			path = ZooApp;
			sourceTree = "<group>";
		};
		92B47FC0204711B7004B1182 /* Frameworks */ = {
			isa = PBXGroup;
			children = (
				92B47FC1204711B8004B1182 /* MapKit.framework */,
			);
			name = Frameworks;
			sourceTree = "<group>";
		};
/* End PBXGroup section */

/* Begin PBXNativeTarget section */
		928B7D512045713300CD3218 /* ZooApp */ = {
			isa = PBXNativeTarget;
			buildConfigurationList = 928B7D642045713300CD3218 /* Build configuration list for PBXNativeTarget "ZooApp" */;
			buildPhases = (
				928B7D4E2045713300CD3218 /* Sources */,
				928B7D4F2045713300CD3218 /* Frameworks */,
				928B7D502045713300CD3218 /* Resources */,
			);
			buildRules = (
			);
			dependencies = (
			);
			name = ZooApp;
			productName = ZooApp;
			productReference = 928B7D522045713300CD3218 /* ZooApp.app */;
			productType = "com.apple.product-type.application";
		};
/* End PBXNativeTarget section */

/* Begin PBXProject section */
		928B7D4A2045713300CD3218 /* Project object */ = {
			isa = PBXProject;
			attributes = {
				LastSwiftUpdateCheck = 0920;
				LastUpgradeCheck = 0920;
				ORGANIZATIONNAME = "Tianxia Dong";
				TargetAttributes = {
					928B7D512045713300CD3218 = {
						CreatedOnToolsVersion = 9.2;
						ProvisioningStyle = Automatic;
						SystemCapabilities = {
							com.apple.Maps.iOS = {
								enabled = 1;
							};
						};
					};
				};
			};
			buildConfigurationList = 928B7D4D2045713300CD3218 /* Build configuration list for PBXProject "ZooApp" */;
			compatibilityVersion = "Xcode 8.0";
			developmentRegion = en;
			hasScannedForEncodings = 0;
			knownRegions = (
				en,
				Base,
			);
			mainGroup = 928B7D492045713300CD3218;
			productRefGroup = 928B7D532045713300CD3218 /* Products */;
			projectDirPath = "";
			projectRoot = "";
			targets = (
				928B7D512045713300CD3218 /* ZooApp */,
			);
		};
/* End PBXProject section */

/* Begin PBXResourcesBuildPhase section */
		928B7D502045713300CD3218 /* Resources */ = {
			isa = PBXResourcesBuildPhase;
			buildActionMask = 2147483647;
			files = (
				923BA45E204D9FDA00146B8B /* panda.jpg in Resources */,
				928B7D602045713300CD3218 /* LaunchScreen.storyboard in Resources */,
				928B7D5D2045713300CD3218 /* Assets.xcassets in Resources */,
				928B7D5B2045713300CD3218 /* Main.storyboard in Resources */,
				923BA455204D9FDA00146B8B /* lionfish.jpg in Resources */,
				923BA459204D9FDA00146B8B /* seal.jpg in Resources */,
				928B7D6820457AFE00CD3218 /* animal.xml in Resources */,
				923BA460204D9FDA00146B8B /* kingfisher.jpg in Resources */,
				923BA45A204D9FDA00146B8B /* snowleopard.jpg in Resources */,
				923BA463204D9FDA00146B8B /* smallPanda.jpg in Resources */,
				923BA45D204D9FDA00146B8B /* shark.jpg in Resources */,
				923BA456204D9FDA00146B8B /* parrots.jpg in Resources */,
				923BA45C204D9FDA00146B8B /* Flamingo.jpg in Resources */,
				923BA45F204D9FDA00146B8B /* PolarBear.jpg in Resources */,
				923BA458204D9FDA00146B8B /* whitePeacock.jpg in Resources */,
				923BA457204D9FDA00146B8B /* Crowned crane.jpg in Resources */,
				923BA461204D9FDA00146B8B /* sailfish.jpg in Resources */,
				923BA462204D9FDA00146B8B /* dolphin.jpg in Resources */,
				923BA45B204D9FDA00146B8B /* clownFish.jpg in Resources */,
			);
			runOnlyForDeploymentPostprocessing = 0;
		};
/* End PBXResourcesBuildPhase section */

/* Begin PBXSourcesBuildPhase section */
		928B7D4E2045713300CD3218 /* Sources */ = {
			isa = PBXSourcesBuildPhase;
			buildActionMask = 2147483647;
			files = (
				92B407072047169E009A0C62 /* MapViewController.swift in Sources */,
				92B47FBD2046EC00004B1182 /* DetailViewController.swift in Sources */,
				9280569F2045BD97005106EA /* Menu.swift in Sources */,
				928056A72045EE44005106EA /* AnimalTableViewController.swift in Sources */,
				92B47FBF2046F14B004B1182 /* WebViewController.swift in Sources */,
				928B7D562045713300CD3218 /* AppDelegate.swift in Sources */,
				92840B162045A8F300500391 /* XMLDataParser.swift in Sources */,
				928056A12045DD02005106EA /* CategeryTableViewController.swift in Sources */,
				92840B142045802200500391 /* Categery.swift in Sources */,
				928056AB2045FE2D005106EA /* AnimalViewController.swift in Sources */,
				9280569D2045B9B8005106EA /* Animal.swift in Sources */,
				92B4070920471B15009A0C62 /* LocationAnnotation.swift in Sources */,
			);
			runOnlyForDeploymentPostprocessing = 0;
		};
/* End PBXSourcesBuildPhase section */

/* Begin PBXVariantGroup section */
		928B7D592045713300CD3218 /* Main.storyboard */ = {
			isa = PBXVariantGroup;
			children = (
				928B7D5A2045713300CD3218 /* Base */,
			);
			name = Main.storyboard;
			sourceTree = "<group>";
		};
		928B7D5E2045713300CD3218 /* LaunchScreen.storyboard */ = {
			isa = PBXVariantGroup;
			children = (
				928B7D5F2045713300CD3218 /* Base */,
			);
			name = LaunchScreen.storyboard;
			sourceTree = "<group>";
		};
/* End PBXVariantGroup section */

/* Begin XCBuildConfiguration section */
		928B7D622045713300CD3218 /* Debug */ = {
			isa = XCBuildConfiguration;
			buildSettings = {
				ALWAYS_SEARCH_USER_PATHS = NO;
				CLANG_ANALYZER_NONNULL = YES;
				CLANG_ANALYZER_NUMBER_OBJECT_CONVERSION = YES_AGGRESSIVE;
				CLANG_CXX_LANGUAGE_STANDARD = "gnu++14";
				CLANG_CXX_LIBRARY = "libc++";
				CLANG_ENABLE_MODULES = YES;
				CLANG_ENABLE_OBJC_ARC = YES;
				CLANG_WARN_BLOCK_CAPTURE_AUTORELEASING = YES;
				CLANG_WARN_BOOL_CONVERSION = YES;
				CLANG_WARN_COMMA = YES;
				CLANG_WARN_CONSTANT_CONVERSION = YES;
				CLANG_WARN_DIRECT_OBJC_ISA_USAGE = YES_ERROR;
				CLANG_WARN_DOCUMENTATION_COMMENTS = YES;
				CLANG_WARN_EMPTY_BODY = YES;
				CLANG_WARN_ENUM_CONVERSION = YES;
				CLANG_WARN_INFINITE_RECURSION = YES;
				CLANG_WARN_INT_CONVERSION = YES;
				CLANG_WARN_NON_LITERAL_NULL_CONVERSION = YES;
				CLANG_WARN_OBJC_LITERAL_CONVERSION = YES;
				CLANG_WARN_OBJC_ROOT_CLASS = YES_ERROR;
				CLANG_WARN_RANGE_LOOP_ANALYSIS = YES;
				CLANG_WARN_STRICT_PROTOTYPES = YES;
				CLANG_WARN_SUSPICIOUS_MOVE = YES;
				CLANG_WARN_UNGUARDED_AVAILABILITY = YES_AGGRESSIVE;
				CLANG_WARN_UNREACHABLE_CODE = YES;
				CLANG_WARN__DUPLICATE_METHOD_MATCH = YES;
				CODE_SIGN_IDENTITY = "iPhone Developer";
				COPY_PHASE_STRIP = NO;
				DEBUG_INFORMATION_FORMAT = dwarf;
				ENABLE_STRICT_OBJC_MSGSEND = YES;
				ENABLE_TESTABILITY = YES;
				GCC_C_LANGUAGE_STANDARD = gnu11;
				GCC_DYNAMIC_NO_PIC = NO;
				GCC_NO_COMMON_BLOCKS = YES;
				GCC_OPTIMIZATION_LEVEL = 0;
				GCC_PREPROCESSOR_DEFINITIONS = (
					"DEBUG=1",
					"$(inherited)",
				);
				GCC_WARN_64_TO_32_BIT_CONVERSION = YES;
				GCC_WARN_ABOUT_RETURN_TYPE = YES_ERROR;
				GCC_WARN_UNDECLARED_SELECTOR = YES;
				GCC_WARN_UNINITIALIZED_AUTOS = YES_AGGRESSIVE;
				GCC_WARN_UNUSED_FUNCTION = YES;
				GCC_WARN_UNUSED_VARIABLE = YES;
				IPHONEOS_DEPLOYMENT_TARGET = 11.2;
				MTL_ENABLE_DEBUG_INFO = YES;
				ONLY_ACTIVE_ARCH = YES;
				SDKROOT = iphoneos;
				SWIFT_ACTIVE_COMPILATION_CONDITIONS = DEBUG;
				SWIFT_OPTIMIZATION_LEVEL = "-Onone";
			};
			name = Debug;
		};
		928B7D632045713300CD3218 /* Release */ = {
			isa = XCBuildConfiguration;
			buildSettings = {
				ALWAYS_SEARCH_USER_PATHS = NO;
				CLANG_ANALYZER_NONNULL = YES;
				CLANG_ANALYZER_NUMBER_OBJECT_CONVERSION = YES_AGGRESSIVE;
				CLANG_CXX_LANGUAGE_STANDARD = "gnu++14";
				CLANG_CXX_LIBRARY = "libc++";
				CLANG_ENABLE_MODULES = YES;
				CLANG_ENABLE_OBJC_ARC = YES;
				CLANG_WARN_BLOCK_CAPTURE_AUTORELEASING = YES;
				CLANG_WARN_BOOL_CONVERSION = YES;
				CLANG_WARN_COMMA = YES;
				CLANG_WARN_CONSTANT_CONVERSION = YES;
				CLANG_WARN_DIRECT_OBJC_ISA_USAGE = YES_ERROR;
				CLANG_WARN_DOCUMENTATION_COMMENTS = YES;
				CLANG_WARN_EMPTY_BODY = YES;
				CLANG_WARN_ENUM_CONVERSION = YES;
				CLANG_WARN_INFINITE_RECURSION = YES;
				CLANG_WARN_INT_CONVERSION = YES;
				CLANG_WARN_NON_LITERAL_NULL_CONVERSION = YES;
				CLANG_WARN_OBJC_LITERAL_CONVERSION = YES;
				CLANG_WARN_OBJC_ROOT_CLASS = YES_ERROR;
				CLANG_WARN_RANGE_LOOP_ANALYSIS = YES;
				CLANG_WARN_STRICT_PROTOTYPES = YES;
				CLANG_WARN_SUSPICIOUS_MOVE = YES;
				CLANG_WARN_UNGUARDED_AVAILABILITY = YES_AGGRESSIVE;
				CLANG_WARN_UNREACHABLE_CODE = YES;
				CLANG_WARN__DUPLICATE_METHOD_MATCH = YES;
				CODE_SIGN_IDENTITY = "iPhone Developer";
				COPY_PHASE_STRIP = NO;
				DEBUG_INFORMATION_FORMAT = "dwarf-with-dsym";
				ENABLE_NS_ASSERTIONS = NO;
				ENABLE_STRICT_OBJC_MSGSEND = YES;
				GCC_C_LANGUAGE_STANDARD = gnu11;
				GCC_NO_COMMON_BLOCKS = YES;
				GCC_WARN_64_TO_32_BIT_CONVERSION = YES;
				GCC_WARN_ABOUT_RETURN_TYPE = YES_ERROR;
				GCC_WARN_UNDECLARED_SELECTOR = YES;
				GCC_WARN_UNINITIALIZED_AUTOS = YES_AGGRESSIVE;
				GCC_WARN_UNUSED_FUNCTION = YES;
				GCC_WARN_UNUSED_VARIABLE = YES;
				IPHONEOS_DEPLOYMENT_TARGET = 11.2;
				MTL_ENABLE_DEBUG_INFO = NO;
				SDKROOT = iphoneos;
				SWIFT_OPTIMIZATION_LEVEL = "-Owholemodule";
				VALIDATE_PRODUCT = YES;
			};
			name = Release;
		};
		928B7D652045713300CD3218 /* Debug */ = {
			isa = XCBuildConfiguration;
			buildSettings = {
				ASSETCATALOG_COMPILER_APPICON_NAME = AppIcon;
				CODE_SIGN_STYLE = Automatic;
				DEVELOPMENT_TEAM = Z389SHYNY8;
				INFOPLIST_FILE = ZooApp/Info.plist;
				IPHONEOS_DEPLOYMENT_TARGET = 11.2;
				LD_RUNPATH_SEARCH_PATHS = "$(inherited) @executable_path/Frameworks";
				PRODUCT_BUNDLE_IDENTIFIER = UCC.ZooApp;
				PRODUCT_NAME = "$(TARGET_NAME)";
				SWIFT_VERSION = 4.0;
				TARGETED_DEVICE_FAMILY = 1;
			};
			name = Debug;
		};
		928B7D662045713300CD3218 /* Release */ = {
			isa = XCBuildConfiguration;
			buildSettings = {
				ASSETCATALOG_COMPILER_APPICON_NAME = AppIcon;
				CODE_SIGN_STYLE = Automatic;
				DEVELOPMENT_TEAM = Z389SHYNY8;
				INFOPLIST_FILE = ZooApp/Info.plist;
				IPHONEOS_DEPLOYMENT_TARGET = 11.2;
				LD_RUNPATH_SEARCH_PATHS = "$(inherited) @executable_path/Frameworks";
				PRODUCT_BUNDLE_IDENTIFIER = UCC.ZooApp;
				PRODUCT_NAME = "$(TARGET_NAME)";
				SWIFT_VERSION = 4.0;
				TARGETED_DEVICE_FAMILY = 1;
			};
			name = Release;
		};
/* End XCBuildConfiguration section */

/* Begin XCConfigurationList section */
		928B7D4D2045713300CD3218 /* Build configuration list for PBXProject "ZooApp" */ = {
			isa = XCConfigurationList;
			buildConfigurations = (
				928B7D622045713300CD3218 /* Debug */,
				928B7D632045713300CD3218 /* Release */,
			);
			defaultConfigurationIsVisible = 0;
			defaultConfigurationName = Release;
		};
		928B7D642045713300CD3218 /* Build configuration list for PBXNativeTarget "ZooApp" */ = {
			isa = XCConfigurationList;
			buildConfigurations = (
				928B7D652045713300CD3218 /* Debug */,
				928B7D662045713300CD3218 /* Release */,
			);
			defaultConfigurationIsVisible = 0;
			defaultConfigurationName = Release;
		};
/* End XCConfigurationList section */
	};
	rootObject = 928B7D4A2045713300CD3218 /* Project object */;
}
